// !$*UTF8*$!
{
	archiveVersion = 1;
	classes = {
	};
	objectVersion = 48;
	objects = {

/* Begin PBXBuildFile section */
		AA7A93602026AAAC00073DB4 /* Driveway.swift in Sources */ = {isa = PBXBuildFile; fileRef = AA7A935F2026AAAC00073DB4 /* Driveway.swift */; };
		AA7A9364202A843B00073DB4 /* Person.swift in Sources */ = {isa = PBXBuildFile; fileRef = AA7A9363202A843B00073DB4 /* Person.swift */; };
		AAAAD82D20067F5300D88FA7 /* AppDelegate.swift in Sources */ = {isa = PBXBuildFile; fileRef = AAAAD82C20067F5300D88FA7 /* AppDelegate.swift */; };
		AAAAD82F20067F5300D88FA7 /* MapView.swift in Sources */ = {isa = PBXBuildFile; fileRef = AAAAD82E20067F5300D88FA7 /* MapView.swift */; };
		AAAAD83220067F5300D88FA7 /* Main.storyboard in Resources */ = {isa = PBXBuildFile; fileRef = AAAAD83020067F5300D88FA7 /* Main.storyboard */; };
		AAAAD83420067F5300D88FA7 /* Assets.xcassets in Resources */ = {isa = PBXBuildFile; fileRef = AAAAD83320067F5300D88FA7 /* Assets.xcassets */; };
		AAAAD83720067F5300D88FA7 /* LaunchScreen.storyboard in Resources */ = {isa = PBXBuildFile; fileRef = AAAAD83520067F5300D88FA7 /* LaunchScreen.storyboard */; };
		AAD6CE102072E8850046050B /* MyCarsView.swift in Sources */ = {isa = PBXBuildFile; fileRef = AAD6CE0F2072E8850046050B /* MyCarsView.swift */; };
		AAF0A4CC2072B054004E18CD /* Driver.swift in Sources */ = {isa = PBXBuildFile; fileRef = AAF0A4CB2072B054004E18CD /* Driver.swift */; };
		AAF0A4CF2072B236004E18CD /* Car.swift in Sources */ = {isa = PBXBuildFile; fileRef = AAF0A4CE2072B236004E18CD /* Car.swift */; };
		AAF0A4D12072B4B4004E18CD /* Owner.swift in Sources */ = {isa = PBXBuildFile; fileRef = AAF0A4D02072B4B4004E18CD /* Owner.swift */; };
/* End PBXBuildFile section */

/* Begin PBXFileReference section */
		AA7A935F2026AAAC00073DB4 /* Driveway.swift */ = {isa = PBXFileReference; lastKnownFileType = sourcecode.swift; path = Driveway.swift; sourceTree = "<group>"; };
		AA7A9363202A843B00073DB4 /* Person.swift */ = {isa = PBXFileReference; lastKnownFileType = sourcecode.swift; path = Person.swift; sourceTree = "<group>"; };
		AAAAD82920067F5300D88FA7 /* Parkflow.app */ = {isa = PBXFileReference; explicitFileType = wrapper.application; includeInIndex = 0; path = Parkflow.app; sourceTree = BUILT_PRODUCTS_DIR; };
		AAAAD82C20067F5300D88FA7 /* AppDelegate.swift */ = {isa = PBXFileReference; lastKnownFileType = sourcecode.swift; path = AppDelegate.swift; sourceTree = "<group>"; };
		AAAAD82E20067F5300D88FA7 /* MapView.swift */ = {isa = PBXFileReference; lastKnownFileType = sourcecode.swift; path = MapView.swift; sourceTree = "<group>"; };
		AAAAD83120067F5300D88FA7 /* Base */ = {isa = PBXFileReference; lastKnownFileType = file.storyboard; name = Base; path = Base.lproj/Main.storyboard; sourceTree = "<group>"; };
		AAAAD83320067F5300D88FA7 /* Assets.xcassets */ = {isa = PBXFileReference; lastKnownFileType = folder.assetcatalog; path = Assets.xcassets; sourceTree = "<group>"; };
		AAAAD83620067F5300D88FA7 /* Base */ = {isa = PBXFileReference; lastKnownFileType = file.storyboard; name = Base; path = Base.lproj/LaunchScreen.storyboard; sourceTree = "<group>"; };
		AAAAD83820067F5300D88FA7 /* Info.plist */ = {isa = PBXFileReference; lastKnownFileType = text.plist.xml; path = Info.plist; sourceTree = "<group>"; };
		AAD6CE0F2072E8850046050B /* MyCarsView.swift */ = {isa = PBXFileReference; lastKnownFileType = sourcecode.swift; path = MyCarsView.swift; sourceTree = "<group>"; };
		AAF0A4CB2072B054004E18CD /* Driver.swift */ = {isa = PBXFileReference; lastKnownFileType = sourcecode.swift; path = Driver.swift; sourceTree = "<group>"; };
		AAF0A4CE2072B236004E18CD /* Car.swift */ = {isa = PBXFileReference; lastKnownFileType = sourcecode.swift; path = Car.swift; sourceTree = "<group>"; };
		AAF0A4D02072B4B4004E18CD /* Owner.swift */ = {isa = PBXFileReference; lastKnownFileType = sourcecode.swift; path = Owner.swift; sourceTree = "<group>"; };
/* End PBXFileReference section */

/* Begin PBXFrameworksBuildPhase section */
		AAAAD82620067F5300D88FA7 /* Frameworks */ = {
			isa = PBXFrameworksBuildPhase;
			buildActionMask = 2147483647;
			files = (
			);
			runOnlyForDeploymentPostprocessing = 0;
		};
/* End PBXFrameworksBuildPhase section */

/* Begin PBXGroup section */
		AAAAD82020067F5200D88FA7 = {
			isa = PBXGroup;
			children = (
				AAAAD82B20067F5300D88FA7 /* Parkflow */,
				AAAAD82A20067F5300D88FA7 /* Products */,
			);
			sourceTree = "<group>";
		};
		AAAAD82A20067F5300D88FA7 /* Products */ = {
			isa = PBXGroup;
			children = (
				AAAAD82920067F5300D88FA7 /* Parkflow.app */,
			);
			name = Products;
			sourceTree = "<group>";
		};
		AAAAD82B20067F5300D88FA7 /* Parkflow */ = {
			isa = PBXGroup;
			children = (
				AAF0A4CD2072B05E004E18CD /* UserClass */,
				AAAAD82C20067F5300D88FA7 /* AppDelegate.swift */,
				AAAAD82E20067F5300D88FA7 /* MapView.swift */,
				AAD6CE0F2072E8850046050B /* MyCarsView.swift */,
				AAAAD83020067F5300D88FA7 /* Main.storyboard */,
				AAAAD83320067F5300D88FA7 /* Assets.xcassets */,
				AAAAD83520067F5300D88FA7 /* LaunchScreen.storyboard */,
				AAAAD83820067F5300D88FA7 /* Info.plist */,
			);
			path = Parkflow;
			sourceTree = "<group>";
		};
		AAF0A4CD2072B05E004E18CD /* UserClass */ = {
			isa = PBXGroup;
			children = (
				AA7A9363202A843B00073DB4 /* Person.swift */,
				AAF0A4CB2072B054004E18CD /* Driver.swift */,
				AAF0A4D02072B4B4004E18CD /* Owner.swift */,
				AAF0A4CE2072B236004E18CD /* Car.swift */,
				AA7A935F2026AAAC00073DB4 /* Driveway.swift */,
			);
			path = UserClass;
			sourceTree = "<group>";
		};
/* End PBXGroup section */

/* Begin PBXNativeTarget section */
		AAAAD82820067F5300D88FA7 /* Parkflow */ = {
			isa = PBXNativeTarget;
			buildConfigurationList = AAAAD83B20067F5300D88FA7 /* Build configuration list for PBXNativeTarget "Parkflow" */;
			buildPhases = (
				AAAAD82520067F5300D88FA7 /* Sources */,
				AAAAD82620067F5300D88FA7 /* Frameworks */,
				AAAAD82720067F5300D88FA7 /* Resources */,
			);
			buildRules = (
			);
			dependencies = (
			);
			name = Parkflow;
			productName = Parkflow;
			productReference = AAAAD82920067F5300D88FA7 /* Parkflow.app */;
			productType = "com.apple.product-type.application";
		};
/* End PBXNativeTarget section */

/* Begin PBXProject section */
		AAAAD82120067F5200D88FA7 /* Project object */ = {
			isa = PBXProject;
			attributes = {
				LastSwiftUpdateCheck = 0920;
				LastUpgradeCheck = 0920;
				ORGANIZATIONNAME = Hamko;
				TargetAttributes = {
					AAAAD82820067F5300D88FA7 = {
						CreatedOnToolsVersion = 9.2;
						ProvisioningStyle = Automatic;
					};
				};
			};
			buildConfigurationList = AAAAD82420067F5200D88FA7 /* Build configuration list for PBXProject "Parkflow" */;
			compatibilityVersion = "Xcode 8.0";
			developmentRegion = en;
			hasScannedForEncodings = 0;
			knownRegions = (
				en,
				Base,
			);
			mainGroup = AAAAD82020067F5200D88FA7;
			productRefGroup = AAAAD82A20067F5300D88FA7 /* Products */;
			projectDirPath = "";
			projectRoot = "";
			targets = (
				AAAAD82820067F5300D88FA7 /* Parkflow */,
			);
		};
/* End PBXProject section */

/* Begin PBXResourcesBuildPhase section */
		AAAAD82720067F5300D88FA7 /* Resources */ = {
			isa = PBXResourcesBuildPhase;
			buildActionMask = 2147483647;
			files = (
				AAAAD83720067F5300D88FA7 /* LaunchScreen.storyboard in Resources */,
				AAAAD83420067F5300D88FA7 /* Assets.xcassets in Resources */,
				AAAAD83220067F5300D88FA7 /* Main.storyboard in Resources */,
			);
			runOnlyForDeploymentPostprocessing = 0;
		};
/* End PBXResourcesBuildPhase section */

/* Begin PBXSourcesBuildPhase section */
		AAAAD82520067F5300D88FA7 /* Sources */ = {
			isa = PBXSourcesBuildPhase;
			buildActionMask = 2147483647;
			files = (
				AA7A9364202A843B00073DB4 /* Person.swift in Sources */,
				AAF0A4D12072B4B4004E18CD /* Owner.swift in Sources */,
				AAAAD82F20067F5300D88FA7 /* MapView.swift in Sources */,
				AAF0A4CC2072B054004E18CD /* Driver.swift in Sources */,
				AAAAD82D20067F5300D88FA7 /* AppDelegate.swift in Sources */,
				AAD6CE102072E8850046050B /* MyCarsView.swift in Sources */,
				AAF0A4CF2072B236004E18CD /* Car.swift in Sources */,
				AA7A93602026AAAC00073DB4 /* Driveway.swift in Sources */,
			);
			runOnlyForDeploymentPostprocessing = 0;
		};
/* End PBXSourcesBuildPhase section */

/* Begin PBXVariantGroup section */
		AAAAD83020067F5300D88FA7 /* Main.storyboard */ = {
			isa = PBXVariantGroup;
			children = (
				AAAAD83120067F5300D88FA7 /* Base */,
			);
			name = Main.storyboard;
			sourceTree = "<group>";
		};
		AAAAD83520067F5300D88FA7 /* LaunchScreen.storyboard */ = {
			isa = PBXVariantGroup;
			children = (
				AAAAD83620067F5300D88FA7 /* Base */,
			);
			name = LaunchScreen.storyboard;
			sourceTree = "<group>";
		};
/* End PBXVariantGroup section */

/* Begin XCBuildConfiguration section */
		AAAAD83920067F5300D88FA7 /* Debug */ = {
			isa = XCBuildConfiguration;
			buildSettings = {
				ALWAYS_SEARCH_USER_PATHS = NO;
				CLANG_ANALYZER_NONNULL = YES;
				CLANG_ANALYZER_NUMBER_OBJECT_CONVERSION = YES_AGGRESSIVE;
				CLANG_CXX_LANGUAGE_STANDARD = "gnu++14";
				CLANG_CXX_LIBRARY = "libc++";
				CLANG_ENABLE_MODULES = YES;
				CLANG_ENABLE_OBJC_ARC = YES;
				CLANG_WARN_BLOCK_CAPTURE_AUTORELEASING = YES;
				CLANG_WARN_BOOL_CONVERSION = YES;
				CLANG_WARN_COMMA = YES;
				CLANG_WARN_CONSTANT_CONVERSION = YES;
				CLANG_WARN_DIRECT_OBJC_ISA_USAGE = YES_ERROR;
				CLANG_WARN_DOCUMENTATION_COMMENTS = YES;
				CLANG_WARN_EMPTY_BODY = YES;
				CLANG_WARN_ENUM_CONVERSION = YES;
				CLANG_WARN_INFINITE_RECURSION = YES;
				CLANG_WARN_INT_CONVERSION = YES;
				CLANG_WARN_NON_LITERAL_NULL_CONVERSION = YES;
				CLANG_WARN_OBJC_LITERAL_CONVERSION = YES;
				CLANG_WARN_OBJC_ROOT_CLASS = YES_ERROR;
				CLANG_WARN_RANGE_LOOP_ANALYSIS = YES;
				CLANG_WARN_STRICT_PROTOTYPES = YES;
				CLANG_WARN_SUSPICIOUS_MOVE = YES;
				CLANG_WARN_UNGUARDED_AVAILABILITY = YES_AGGRESSIVE;
				CLANG_WARN_UNREACHABLE_CODE = YES;
				CLANG_WARN__DUPLICATE_METHOD_MATCH = YES;
				CODE_SIGN_IDENTITY = "iPhone Developer";
				COPY_PHASE_STRIP = NO;
				DEBUG_INFORMATION_FORMAT = dwarf;
				ENABLE_STRICT_OBJC_MSGSEND = YES;
				ENABLE_TESTABILITY = YES;
				GCC_C_LANGUAGE_STANDARD = gnu11;
				GCC_DYNAMIC_NO_PIC = NO;
				GCC_NO_COMMON_BLOCKS = YES;
				GCC_OPTIMIZATION_LEVEL = 0;
				GCC_PREPROCESSOR_DEFINITIONS = (
					"DEBUG=1",
					"$(inherited)",
				);
				GCC_WARN_64_TO_32_BIT_CONVERSION = YES;
				GCC_WARN_ABOUT_RETURN_TYPE = YES_ERROR;
				GCC_WARN_UNDECLARED_SELECTOR = YES;
				GCC_WARN_UNINITIALIZED_AUTOS = YES_AGGRESSIVE;
				GCC_WARN_UNUSED_FUNCTION = YES;
				GCC_WARN_UNUSED_VARIABLE = YES;
				IPHONEOS_DEPLOYMENT_TARGET = 11.2;
				MTL_ENABLE_DEBUG_INFO = YES;
				ONLY_ACTIVE_ARCH = YES;
				SDKROOT = iphoneos;
				SWIFT_ACTIVE_COMPILATION_CONDITIONS = DEBUG;
				SWIFT_OPTIMIZATION_LEVEL = "-Onone";
			};
			name = Debug;
		};
		AAAAD83A20067F5300D88FA7 /* Release */ = {
			isa = XCBuildConfiguration;
			buildSettings = {
				ALWAYS_SEARCH_USER_PATHS = NO;
				CLANG_ANALYZER_NONNULL = YES;
				CLANG_ANALYZER_NUMBER_OBJECT_CONVERSION = YES_AGGRESSIVE;
				CLANG_CXX_LANGUAGE_STANDARD = "gnu++14";
				CLANG_CXX_LIBRARY = "libc++";
				CLANG_ENABLE_MODULES = YES;
				CLANG_ENABLE_OBJC_ARC = YES;
				CLANG_WARN_BLOCK_CAPTURE_AUTORELEASING = YES;
				CLANG_WARN_BOOL_CONVERSION = YES;
				CLANG_WARN_COMMA = YES;
				CLANG_WARN_CONSTANT_CONVERSION = YES;
				CLANG_WARN_DIRECT_OBJC_ISA_USAGE = YES_ERROR;
				CLANG_WARN_DOCUMENTATION_COMMENTS = YES;
				CLANG_WARN_EMPTY_BODY = YES;
				CLANG_WARN_ENUM_CONVERSION = YES;
				CLANG_WARN_INFINITE_RECURSION = YES;
				CLANG_WARN_INT_CONVERSION = YES;
				CLANG_WARN_NON_LITERAL_NULL_CONVERSION = YES;
				CLANG_WARN_OBJC_LITERAL_CONVERSION = YES;
				CLANG_WARN_OBJC_ROOT_CLASS = YES_ERROR;
				CLANG_WARN_RANGE_LOOP_ANALYSIS = YES;
				CLANG_WARN_STRICT_PROTOTYPES = YES;
				CLANG_WARN_SUSPICIOUS_MOVE = YES;
				CLANG_WARN_UNGUARDED_AVAILABILITY = YES_AGGRESSIVE;
				CLANG_WARN_UNREACHABLE_CODE = YES;
				CLANG_WARN__DUPLICATE_METHOD_MATCH = YES;
				CODE_SIGN_IDENTITY = "iPhone Developer";
				COPY_PHASE_STRIP = NO;
				DEBUG_INFORMATION_FORMAT = "dwarf-with-dsym";
				ENABLE_NS_ASSERTIONS = NO;
				ENABLE_STRICT_OBJC_MSGSEND = YES;
				GCC_C_LANGUAGE_STANDARD = gnu11;
				GCC_NO_COMMON_BLOCKS = YES;
				GCC_WARN_64_TO_32_BIT_CONVERSION = YES;
				GCC_WARN_ABOUT_RETURN_TYPE = YES_ERROR;
				GCC_WARN_UNDECLARED_SELECTOR = YES;
				GCC_WARN_UNINITIALIZED_AUTOS = YES_AGGRESSIVE;
				GCC_WARN_UNUSED_FUNCTION = YES;
				GCC_WARN_UNUSED_VARIABLE = YES;
				IPHONEOS_DEPLOYMENT_TARGET = 11.2;
				MTL_ENABLE_DEBUG_INFO = NO;
				SDKROOT = iphoneos;
				SWIFT_OPTIMIZATION_LEVEL = "-Owholemodule";
				VALIDATE_PRODUCT = YES;
			};
			name = Release;
		};
		AAAAD83C20067F5300D88FA7 /* Debug */ = {
			isa = XCBuildConfiguration;
			buildSettings = {
				ASSETCATALOG_COMPILER_APPICON_NAME = AppIcon;
				CODE_SIGN_STYLE = Automatic;
				DEVELOPMENT_TEAM = TVL259Y29M;
				INFOPLIST_FILE = Parkflow/Info.plist;
				IPHONEOS_DEPLOYMENT_TARGET = 11.1;
				LD_RUNPATH_SEARCH_PATHS = "$(inherited) @executable_path/Frameworks";
				PRODUCT_BUNDLE_IDENTIFIER = com.karlmiko.Parkflow10;
				PRODUCT_NAME = "$(TARGET_NAME)";
				SWIFT_VERSION = 4.0;
				TARGETED_DEVICE_FAMILY = "1,2";
			};
			name = Debug;
		};
		AAAAD83D20067F5300D88FA7 /* Release */ = {
			isa = XCBuildConfiguration;
			buildSettings = {
				ASSETCATALOG_COMPILER_APPICON_NAME = AppIcon;
				CODE_SIGN_STYLE = Automatic;
				DEVELOPMENT_TEAM = TVL259Y29M;
				INFOPLIST_FILE = Parkflow/Info.plist;
				IPHONEOS_DEPLOYMENT_TARGET = 11.1;
				LD_RUNPATH_SEARCH_PATHS = "$(inherited) @executable_path/Frameworks";
				PRODUCT_BUNDLE_IDENTIFIER = com.karlmiko.Parkflow10;
				PRODUCT_NAME = "$(TARGET_NAME)";
				SWIFT_VERSION = 4.0;
				TARGETED_DEVICE_FAMILY = "1,2";
			};
			name = Release;
		};
/* End XCBuildConfiguration section */

/* Begin XCConfigurationList section */
		AAAAD82420067F5200D88FA7 /* Build configuration list for PBXProject "Parkflow" */ = {
			isa = XCConfigurationList;
			buildConfigurations = (
				AAAAD83920067F5300D88FA7 /* Debug */,
				AAAAD83A20067F5300D88FA7 /* Release */,
			);
			defaultConfigurationIsVisible = 0;
			defaultConfigurationName = Release;
		};
		AAAAD83B20067F5300D88FA7 /* Build configuration list for PBXNativeTarget "Parkflow" */ = {
			isa = XCConfigurationList;
			buildConfigurations = (
				AAAAD83C20067F5300D88FA7 /* Debug */,
				AAAAD83D20067F5300D88FA7 /* Release */,
			);
			defaultConfigurationIsVisible = 0;
			defaultConfigurationName = Release;
		};
/* End XCConfigurationList section */
	};
	rootObject = AAAAD82120067F5200D88FA7 /* Project object */;
}
